
Microsoft Visual Studio Solution File, Format Version 12.00
Project("{FAE04EC0-301F-11D3-BF4B-00C04F79EFBC}") = "PerfomanceConcatenation.Application", "PerfomanceConcatenation.Application\PerfomanceConcatenation.Application.csproj", "{495D2E90-31EB-44C3-BD07-4E35996BE056}"
EndProject
Global
	GlobalSection(SolutionConfigurationPlatforms) = preSolution
		Debug|Any CPU = Debug|Any CPU
		Release|Any CPU = Release|Any CPU
	EndGlobalSection
	GlobalSection(ProjectConfigurationPlatforms) = postSolution
		{495D2E90-31EB-44C3-BD07-4E35996BE056}.Debug|Any CPU.ActiveCfg = Debug|Any CPU
		{495D2E90-31EB-44C3-BD07-4E35996BE056}.Debug|Any CPU.Build.0 = Debug|Any CPU
		{495D2E90-31EB-44C3-BD07-4E35996BE056}.Release|Any CPU.ActiveCfg = Release|Any CPU
		{495D2E90-31EB-44C3-BD07-4E35996BE056}.Release|Any CPU.Build.0 = Release|Any CPU
	EndGlobalSection
EndGlobal
